
Microsoft Visual Studio Solution File, Format Version 12.00
# Visual Studio Version 17
VisualStudioVersion = 17.1.32210.238
MinimumVisualStudioVersion = 10.0.40219.1
Project("{8BC9CEB8-8B4A-11D0-8D11-00A0C91BC942}") = "WinAudio", "WinAudio\WinAudio.vcxproj", "{77893D1E-433F-41FB-889F-6F8A7DAAF05A}"
EndProject
Project("{8BC9CEB8-8B4A-11D0-8D11-00A0C91BC942}") = "WinAudio_Test", "WinAudio_Test\WinAudio_Test.vcxproj", "{13E3ACE4-FC28-4A57-8297-D1E5DA34C421}"
EndProject
Project("{8BC9CEB8-8B4A-11D0-8D11-00A0C91BC942}") = "WinAudio_In_Plugin_Flac", "WinAudio_In_Plugin_Flac\WinAudio_In_Plugin_Flac.vcxproj", "{66036988-5387-4A07-9D1B-B75C6296A5BE}"
	ProjectSection(ProjectDependencies) = postProject
		{4CEFBC84-C215-11DB-8314-0800200C9A66} = {4CEFBC84-C215-11DB-8314-0800200C9A66}
	EndProjectSection
EndProject
Project("{8BC9CEB8-8B4A-11D0-8D11-00A0C91BC942}") = "libFLAC_static", "WinAudio_In_Plugin_Flac\flac\src\libFLAC\libFLAC_static.vcxproj", "{4CEFBC84-C215-11DB-8314-0800200C9A66}"
EndProject
Global
	GlobalSection(SolutionConfigurationPlatforms) = preSolution
		Debug|x64 = Debug|x64
		Debug|x86 = Debug|x86
		DebugDLL|x64 = DebugDLL|x64
		DebugDLL|x86 = DebugDLL|x86
		Release|x64 = Release|x64
		Release|x86 = Release|x86
		ReleaseDLL|x64 = ReleaseDLL|x64
		ReleaseDLL|x86 = ReleaseDLL|x86
	EndGlobalSection
	GlobalSection(ProjectConfigurationPlatforms) = postSolution
		{77893D1E-433F-41FB-889F-6F8A7DAAF05A}.Debug|x64.ActiveCfg = Debug|Win32
		{77893D1E-433F-41FB-889F-6F8A7DAAF05A}.Debug|x64.Build.0 = Debug|Win32
		{77893D1E-433F-41FB-889F-6F8A7DAAF05A}.Debug|x86.ActiveCfg = Debug|Win32
		{77893D1E-433F-41FB-889F-6F8A7DAAF05A}.Debug|x86.Build.0 = Debug|Win32
		{77893D1E-433F-41FB-889F-6F8A7DAAF05A}.DebugDLL|x64.ActiveCfg = Release|Win32
		{77893D1E-433F-41FB-889F-6F8A7DAAF05A}.DebugDLL|x64.Build.0 = Release|Win32
		{77893D1E-433F-41FB-889F-6F8A7DAAF05A}.DebugDLL|x86.ActiveCfg = Debug|Win32
		{77893D1E-433F-41FB-889F-6F8A7DAAF05A}.DebugDLL|x86.Build.0 = Debug|Win32
		{77893D1E-433F-41FB-889F-6F8A7DAAF05A}.Release|x64.ActiveCfg = Release|Win32
		{77893D1E-433F-41FB-889F-6F8A7DAAF05A}.Release|x64.Build.0 = Release|Win32
		{77893D1E-433F-41FB-889F-6F8A7DAAF05A}.Release|x86.ActiveCfg = Release|Win32
		{77893D1E-433F-41FB-889F-6F8A7DAAF05A}.Release|x86.Build.0 = Release|Win32
		{77893D1E-433F-41FB-889F-6F8A7DAAF05A}.ReleaseDLL|x64.ActiveCfg = Release|Win32
		{77893D1E-433F-41FB-889F-6F8A7DAAF05A}.ReleaseDLL|x64.Build.0 = Release|Win32
		{77893D1E-433F-41FB-889F-6F8A7DAAF05A}.ReleaseDLL|x86.ActiveCfg = Release|Win32
		{77893D1E-433F-41FB-889F-6F8A7DAAF05A}.ReleaseDLL|x86.Build.0 = Release|Win32
		{13E3ACE4-FC28-4A57-8297-D1E5DA34C421}.Debug|x64.ActiveCfg = Debug|Win32
		{13E3ACE4-FC28-4A57-8297-D1E5DA34C421}.Debug|x64.Build.0 = Debug|Win32
		{13E3ACE4-FC28-4A57-8297-D1E5DA34C421}.Debug|x86.ActiveCfg = Debug|Win32
		{13E3ACE4-FC28-4A57-8297-D1E5DA34C421}.Debug|x86.Build.0 = Debug|Win32
		{13E3ACE4-FC28-4A57-8297-D1E5DA34C421}.DebugDLL|x64.ActiveCfg = Release|Win32
		{13E3ACE4-FC28-4A57-8297-D1E5DA34C421}.DebugDLL|x64.Build.0 = Release|Win32
		{13E3ACE4-FC28-4A57-8297-D1E5DA34C421}.DebugDLL|x86.ActiveCfg = Debug|Win32
		{13E3ACE4-FC28-4A57-8297-D1E5DA34C421}.DebugDLL|x86.Build.0 = Debug|Win32
		{13E3ACE4-FC28-4A57-8297-D1E5DA34C421}.Release|x64.ActiveCfg = Release|Win32
		{13E3ACE4-FC28-4A57-8297-D1E5DA34C421}.Release|x64.Build.0 = Release|Win32
		{13E3ACE4-FC28-4A57-8297-D1E5DA34C421}.Release|x86.ActiveCfg = Release|Win32
		{13E3ACE4-FC28-4A57-8297-D1E5DA34C421}.Release|x86.Build.0 = Release|Win32
		{13E3ACE4-FC28-4A57-8297-D1E5DA34C421}.ReleaseDLL|x64.ActiveCfg = Release|Win32
		{13E3ACE4-FC28-4A57-8297-D1E5DA34C421}.ReleaseDLL|x64.Build.0 = Release|Win32
		{13E3ACE4-FC28-4A57-8297-D1E5DA34C421}.ReleaseDLL|x86.ActiveCfg = Release|Win32
		{13E3ACE4-FC28-4A57-8297-D1E5DA34C421}.ReleaseDLL|x86.Build.0 = Release|Win32
		{66036988-5387-4A07-9D1B-B75C6296A5BE}.Debug|x64.ActiveCfg = Debug|Win32
		{66036988-5387-4A07-9D1B-B75C6296A5BE}.Debug|x64.Build.0 = Debug|Win32
		{66036988-5387-4A07-9D1B-B75C6296A5BE}.Debug|x86.ActiveCfg = Debug|Win32
		{66036988-5387-4A07-9D1B-B75C6296A5BE}.Debug|x86.Build.0 = Debug|Win32
		{66036988-5387-4A07-9D1B-B75C6296A5BE}.DebugDLL|x64.ActiveCfg = Release|Win32
		{66036988-5387-4A07-9D1B-B75C6296A5BE}.DebugDLL|x64.Build.0 = Release|Win32
		{66036988-5387-4A07-9D1B-B75C6296A5BE}.DebugDLL|x86.ActiveCfg = Debug|Win32
		{66036988-5387-4A07-9D1B-B75C6296A5BE}.DebugDLL|x86.Build.0 = Debug|Win32
		{66036988-5387-4A07-9D1B-B75C6296A5BE}.Release|x64.ActiveCfg = Release|Win32
		{66036988-5387-4A07-9D1B-B75C6296A5BE}.Release|x64.Build.0 = Release|Win32
		{66036988-5387-4A07-9D1B-B75C6296A5BE}.Release|x86.ActiveCfg = Release|Win32
		{66036988-5387-4A07-9D1B-B75C6296A5BE}.Release|x86.Build.0 = Release|Win32
		{66036988-5387-4A07-9D1B-B75C6296A5BE}.ReleaseDLL|x64.ActiveCfg = Release|Win32
		{66036988-5387-4A07-9D1B-B75C6296A5BE}.ReleaseDLL|x64.Build.0 = Release|Win32
		{66036988-5387-4A07-9D1B-B75C6296A5BE}.ReleaseDLL|x86.ActiveCfg = Release|Win32
		{66036988-5387-4A07-9D1B-B75C6296A5BE}.ReleaseDLL|x86.Build.0 = Release|Win32
		{4CEFBC84-C215-11DB-8314-0800200C9A66}.Debug|x64.ActiveCfg = Debug|x64
		{4CEFBC84-C215-11DB-8314-0800200C9A66}.Debug|x64.Build.0 = Debug|x64
		{4CEFBC84-C215-11DB-8314-0800200C9A66}.Debug|x86.ActiveCfg = Debug|Win32
		{4CEFBC84-C215-11DB-8314-0800200C9A66}.Debug|x86.Build.0 = Debug|Win32
		{4CEFBC84-C215-11DB-8314-0800200C9A66}.DebugDLL|x64.ActiveCfg = Debug|x64
		{4CEFBC84-C215-11DB-8314-0800200C9A66}.DebugDLL|x64.Build.0 = Debug|x64
		{4CEFBC84-C215-11DB-8314-0800200C9A66}.DebugDLL|x86.ActiveCfg = Debug|Win32
		{4CEFBC84-C215-11DB-8314-0800200C9A66}.DebugDLL|x86.Build.0 = Debug|Win32
		{4CEFBC84-C215-11DB-8314-0800200C9A66}.Release|x64.ActiveCfg = Release|x64
		{4CEFBC84-C215-11DB-8314-0800200C9A66}.Release|x64.Build.0 = Release|x64
		{4CEFBC84-C215-11DB-8314-0800200C9A66}.Release|x86.ActiveCfg = Release|Win32
		{4CEFBC84-C215-11DB-8314-0800200C9A66}.Release|x86.Build.0 = Release|Win32
		{4CEFBC84-C215-11DB-8314-0800200C9A66}.ReleaseDLL|x64.ActiveCfg = Release|x64
		{4CEFBC84-C215-11DB-8314-0800200C9A66}.ReleaseDLL|x64.Build.0 = Release|x64
		{4CEFBC84-C215-11DB-8314-0800200C9A66}.ReleaseDLL|x86.ActiveCfg = Release|Win32
		{4CEFBC84-C215-11DB-8314-0800200C9A66}.ReleaseDLL|x86.Build.0 = Release|Win32
	EndGlobalSection
	GlobalSection(SolutionProperties) = preSolution
		HideSolutionNode = FALSE
	EndGlobalSection
	GlobalSection(ExtensibilityGlobals) = postSolution
		SolutionGuid = {2B34AA83-8756-4C10-B09A-A5A81DAB09FA}
	EndGlobalSection
EndGlobal
